# This file is automatically @generated by Poetry 2.1.4 and should not be changed by hand.

[[package]]
name = "colorama"
version = "0.4.6"
description = "Cross-platform colored terminal text."
optional = false
python-versions = "!=3.0.*,!=3.1.*,!=3.2.*,!=3.3.*,!=3.4.*,!=3.5.*,!=3.6.*,>=2.7"
groups = ["dev"]
markers = "sys_platform == \"win32\""
files = [
    {file = "colorama-0.4.6-py2.py3-none-any.whl", hash = "sha256:4f1d9991f5acc0ca119f9d443620b77f9d6b33703e51011c16baf57afb285fc6"},
    {file = "colorama-0.4.6.tar.gz", hash = "sha256:08695f5cb7ed6e0531a20572697297273c47b8cae5a63ffc6d6ed5c201be6e44"},
]

[[package]]
name = "coverage"
version = "7.10.6"
description = "Code coverage measurement for Python"
optional = false
python-versions = ">=3.9"
groups = ["dev"]
files = [
    {file = "coverage-7.10.6-cp310-cp310-macosx_10_9_x86_64.whl", hash = "sha256:70e7bfbd57126b5554aa482691145f798d7df77489a177a6bef80de78860a356"},
    {file = "coverage-7.10.6-cp310-cp310-macosx_11_0_arm64.whl", hash = "sha256:e41be6f0f19da64af13403e52f2dec38bbc2937af54df8ecef10850ff8d35301"},
    {file = "coverage-7.10.6-cp310-cp310-manylinux1_i686.manylinux_2_28_i686.manylinux_2_5_i686.whl", hash = "sha256:c61fc91ab80b23f5fddbee342d19662f3d3328173229caded831aa0bd7595460"},
    {file = "coverage-7.10.6-cp310-cp310-manylinux1_x86_64.manylinux_2_28_x86_64.manylinux_2_5_x86_64.whl", hash = "sha256:10356fdd33a7cc06e8051413140bbdc6f972137508a3572e3f59f805cd2832fd"},
    {file = "coverage-7.10.6-cp310-cp310-manylinux2014_aarch64.manylinux_2_17_aarch64.manylinux_2_28_aarch64.whl", hash = "sha256:80b1695cf7c5ebe7b44bf2521221b9bb8cdf69b1f24231149a7e3eb1ae5fa2fb"},
    {file = "coverage-7.10.6-cp310-cp310-musllinux_1_2_aarch64.whl", hash = "sha256:2e4c33e6378b9d52d3454bd08847a8651f4ed23ddbb4a0520227bd346382bbc6"},
    {file = "coverage-7.10.6-cp310-cp310-musllinux_1_2_i686.whl", hash = "sha256:c8a3ec16e34ef980a46f60dc6ad86ec60f763c3f2fa0db6d261e6e754f72e945"},
    {file = "coverage-7.10.6-cp310-cp310-musllinux_1_2_x86_64.whl", hash = "sha256:7d79dabc0a56f5af990cc6da9ad1e40766e82773c075f09cc571e2076fef882e"},
    {file = "coverage-7.10.6-cp310-cp310-win32.whl", hash = "sha256:86b9b59f2b16e981906e9d6383eb6446d5b46c278460ae2c36487667717eccf1"},
    {file = "coverage-7.10.6-cp310-cp310-win_amd64.whl", hash = "sha256:e132b9152749bd33534e5bd8565c7576f135f157b4029b975e15ee184325f528"},
    {file = "coverage-7.10.6-cp311-cp311-macosx_10_9_x86_64.whl", hash = "sha256:c706db3cabb7ceef779de68270150665e710b46d56372455cd741184f3868d8f"},
    {file = "coverage-7.10.6-cp311-cp311-macosx_11_0_arm64.whl", hash = "sha256:8e0c38dc289e0508ef68ec95834cb5d2e96fdbe792eaccaa1bccac3966bbadcc"},
    {file = "coverage-7.10.6-cp311-cp311-manylinux1_i686.manylinux_2_28_i686.manylinux_2_5_i686.whl", hash = "sha256:752a3005a1ded28f2f3a6e8787e24f28d6abe176ca64677bcd8d53d6fe2ec08a"},
    {file = "coverage-7.10.6-cp311-cp311-manylinux1_x86_64.manylinux_2_28_x86_64.manylinux_2_5_x86_64.whl", hash = "sha256:689920ecfd60f992cafca4f5477d55720466ad2c7fa29bb56ac8d44a1ac2b47a"},
    {file = "coverage-7.10.6-cp311-cp311-manylinux2014_aarch64.manylinux_2_17_aarch64.manylinux_2_28_aarch64.whl", hash = "sha256:ec98435796d2624d6905820a42f82149ee9fc4f2d45c2c5bc5a44481cc50db62"},
    {file = "coverage-7.10.6-cp311-cp311-musllinux_1_2_aarch64.whl", hash = "sha256:b37201ce4a458c7a758ecc4efa92fa8ed783c66e0fa3c42ae19fc454a0792153"},
    {file = "coverage-7.10.6-cp311-cp311-musllinux_1_2_i686.whl", hash = "sha256:2904271c80898663c810a6b067920a61dd8d38341244a3605bd31ab55250dad5"},
    {file = "coverage-7.10.6-cp311-cp311-musllinux_1_2_x86_64.whl", hash = "sha256:5aea98383463d6e1fa4e95416d8de66f2d0cb588774ee20ae1b28df826bcb619"},
    {file = "coverage-7.10.6-cp311-cp311-win32.whl", hash = "sha256:e3fb1fa01d3598002777dd259c0c2e6d9d5e10e7222976fc8e03992f972a2cba"},
    {file = "coverage-7.10.6-cp311-cp311-win_amd64.whl", hash = "sha256:f35ed9d945bece26553d5b4c8630453169672bea0050a564456eb88bdffd927e"},
    {file = "coverage-7.10.6-cp311-cp311-win_arm64.whl", hash = "sha256:99e1a305c7765631d74b98bf7dbf54eeea931f975e80f115437d23848ee8c27c"},
    {file = "coverage-7.10.6-cp312-cp312-macosx_10_13_x86_64.whl", hash = "sha256:5b2dd6059938063a2c9fee1af729d4f2af28fd1a545e9b7652861f0d752ebcea"},
    {file = "coverage-7.10.6-cp312-cp312-macosx_11_0_arm64.whl", hash = "sha256:388d80e56191bf846c485c14ae2bc8898aa3124d9d35903fef7d907780477634"},
    {file = "coverage-7.10.6-cp312-cp312-manylinux1_i686.manylinux_2_28_i686.manylinux_2_5_i686.whl", hash = "sha256:90cb5b1a4670662719591aa92d0095bb41714970c0b065b02a2610172dbf0af6"},
    {file = "coverage-7.10.6-cp312-cp312-manylinux1_x86_64.manylinux_2_28_x86_64.manylinux_2_5_x86_64.whl", hash = "sha256:961834e2f2b863a0e14260a9a273aff07ff7818ab6e66d2addf5628590c628f9"},
    {file = "coverage-7.10.6-cp312-cp312-manylinux2014_aarch64.manylinux_2_17_aarch64.manylinux_2_28_aarch64.whl", hash = "sha256:bf9a19f5012dab774628491659646335b1928cfc931bf8d97b0d5918dd58033c"},
    {file = "coverage-7.10.6-cp312-cp312-musllinux_1_2_aarch64.whl", hash = "sha256:99c4283e2a0e147b9c9cc6bc9c96124de9419d6044837e9799763a0e29a7321a"},
    {file = "coverage-7.10.6-cp312-cp312-musllinux_1_2_i686.whl", hash = "sha256:282b1b20f45df57cc508c1e033403f02283adfb67d4c9c35a90281d81e5c52c5"},
    {file = "coverage-7.10.6-cp312-cp312-musllinux_1_2_x86_64.whl", hash = "sha256:8cdbe264f11afd69841bd8c0d83ca10b5b32853263ee62e6ac6a0ab63895f972"},
    {file = "coverage-7.10.6-cp312-cp312-win32.whl", hash = "sha256:a517feaf3a0a3eca1ee985d8373135cfdedfbba3882a5eab4362bda7c7cf518d"},
    {file = "coverage-7.10.6-cp312-cp312-win_amd64.whl", hash = "sha256:856986eadf41f52b214176d894a7de05331117f6035a28ac0016c0f63d887629"},
    {file = "coverage-7.10.6-cp312-cp312-win_arm64.whl", hash = "sha256:acf36b8268785aad739443fa2780c16260ee3fa09d12b3a70f772ef100939d80"},
    {file = "coverage-7.10.6-cp313-cp313-macosx_10_13_x86_64.whl", hash = "sha256:ffea0575345e9ee0144dfe5701aa17f3ba546f8c3bb48db62ae101afb740e7d6"},
    {file = "coverage-7.10.6-cp313-cp313-macosx_11_0_arm64.whl", hash = "sha256:95d91d7317cde40a1c249d6b7382750b7e6d86fad9d8eaf4fa3f8f44cf171e80"},
    {file = "coverage-7.10.6-cp313-cp313-manylinux1_i686.manylinux_2_28_i686.manylinux_2_5_i686.whl", hash = "sha256:3e23dd5408fe71a356b41baa82892772a4cefcf758f2ca3383d2aa39e1b7a003"},
    {file = "coverage-7.10.6-cp313-cp313-manylinux1_x86_64.manylinux_2_28_x86_64.manylinux_2_5_x86_64.whl", hash = "sha256:0f3f56e4cb573755e96a16501a98bf211f100463d70275759e73f3cbc00d4f27"},
    {file = "coverage-7.10.6-cp313-cp313-manylinux2014_aarch64.manylinux_2_17_aarch64.manylinux_2_28_aarch64.whl", hash = "sha256:db4a1d897bbbe7339946ffa2fe60c10cc81c43fab8b062d3fcb84188688174a4"},
    {file = "coverage-7.10.6-cp313-cp313-musllinux_1_2_aarch64.whl", hash = "sha256:d8fd7879082953c156d5b13c74aa6cca37f6a6f4747b39538504c3f9c63d043d"},
    {file = "coverage-7.10.6-cp313-cp313-musllinux_1_2_i686.whl", hash = "sha256:28395ca3f71cd103b8c116333fa9db867f3a3e1ad6a084aa3725ae002b6583bc"},
    {file = "coverage-7.10.6-cp313-cp313-musllinux_1_2_x86_64.whl", hash = "sha256:61c950fc33d29c91b9e18540e1aed7d9f6787cc870a3e4032493bbbe641d12fc"},
    {file = "coverage-7.10.6-cp313-cp313-win32.whl", hash = "sha256:160c00a5e6b6bdf4e5984b0ef21fc860bc94416c41b7df4d63f536d17c38902e"},
    {file = "coverage-7.10.6-cp313-cp313-win_amd64.whl", hash = "sha256:628055297f3e2aa181464c3808402887643405573eb3d9de060d81531fa79d32"},
    {file = "coverage-7.10.6-cp313-cp313-win_arm64.whl", hash = "sha256:df4ec1f8540b0bcbe26ca7dd0f541847cc8a108b35596f9f91f59f0c060bfdd2"},
    {file = "coverage-7.10.6-cp313-cp313t-macosx_10_13_x86_64.whl", hash = "sha256:c9a8b7a34a4de3ed987f636f71881cd3b8339f61118b1aa311fbda12741bff0b"},
    {file = "coverage-7.10.6-cp313-cp313t-macosx_11_0_arm64.whl", hash = "sha256:8dd5af36092430c2b075cee966719898f2ae87b636cefb85a653f1d0ba5d5393"},
    {file = "coverage-7.10.6-cp313-cp313t-manylinux1_i686.manylinux_2_28_i686.manylinux_2_5_i686.whl", hash = "sha256:b0353b0f0850d49ada66fdd7d0c7cdb0f86b900bb9e367024fd14a60cecc1e27"},
    {file = "coverage-7.10.6-cp313-cp313t-manylinux1_x86_64.manylinux_2_28_x86_64.manylinux_2_5_x86_64.whl", hash = "sha256:d6b9ae13d5d3e8aeca9ca94198aa7b3ebbc5acfada557d724f2a1f03d2c0b0df"},
    {file = "coverage-7.10.6-cp313-cp313t-manylinux2014_aarch64.manylinux_2_17_aarch64.manylinux_2_28_aarch64.whl", hash = "sha256:675824a363cc05781b1527b39dc2587b8984965834a748177ee3c37b64ffeafb"},
    {file = "coverage-7.10.6-cp313-cp313t-musllinux_1_2_aarch64.whl", hash = "sha256:692d70ea725f471a547c305f0d0fc6a73480c62fb0da726370c088ab21aed282"},
    {file = "coverage-7.10.6-cp313-cp313t-musllinux_1_2_i686.whl", hash = "sha256:851430a9a361c7a8484a36126d1d0ff8d529d97385eacc8dfdc9bfc8c2d2cbe4"},
    {file = "coverage-7.10.6-cp313-cp313t-musllinux_1_2_x86_64.whl", hash = "sha256:d9369a23186d189b2fc95cc08b8160ba242057e887d766864f7adf3c46b2df21"},
    {file = "coverage-7.10.6-cp313-cp313t-win32.whl", hash = "sha256:92be86fcb125e9bda0da7806afd29a3fd33fdf58fba5d60318399adf40bf37d0"},
    {file = "coverage-7.10.6-cp313-cp313t-win_amd64.whl", hash = "sha256:6b3039e2ca459a70c79523d39347d83b73f2f06af5624905eba7ec34d64d80b5"},
    {file = "coverage-7.10.6-cp313-cp313t-win_arm64.whl", hash = "sha256:3fb99d0786fe17b228eab663d16bee2288e8724d26a199c29325aac4b0319b9b"},
    {file = "coverage-7.10.6-cp314-cp314-macosx_10_13_x86_64.whl", hash = "sha256:6008a021907be8c4c02f37cdc3ffb258493bdebfeaf9a839f9e71dfdc47b018e"},
    {file = "coverage-7.10.6-cp314-cp314-macosx_11_0_arm64.whl", hash = "sha256:5e75e37f23eb144e78940b40395b42f2321951206a4f50e23cfd6e8a198d3ceb"},
    {file = "coverage-7.10.6-cp314-cp314-manylinux1_i686.manylinux_2_28_i686.manylinux_2_5_i686.whl", hash = "sha256:0f7cb359a448e043c576f0da00aa8bfd796a01b06aa610ca453d4dde09cc1034"},
    {file = "coverage-7.10.6-cp314-cp314-manylinux1_x86_64.manylinux_2_28_x86_64.manylinux_2_5_x86_64.whl", hash = "sha256:c68018e4fc4e14b5668f1353b41ccf4bc83ba355f0e1b3836861c6f042d89ac1"},
    {file = "coverage-7.10.6-cp314-cp314-manylinux2014_aarch64.manylinux_2_17_aarch64.manylinux_2_28_aarch64.whl", hash = "sha256:cd4b2b0707fc55afa160cd5fc33b27ccbf75ca11d81f4ec9863d5793fc6df56a"},
    {file = "coverage-7.10.6-cp314-cp314-musllinux_1_2_aarch64.whl", hash = "sha256:4cec13817a651f8804a86e4f79d815b3b28472c910e099e4d5a0e8a3b6a1d4cb"},
    {file = "coverage-7.10.6-cp314-cp314-musllinux_1_2_i686.whl", hash = "sha256:f2a6a8e06bbda06f78739f40bfb56c45d14eb8249d0f0ea6d4b3d48e1f7c695d"},
    {file = "coverage-7.10.6-cp314-cp314-musllinux_1_2_x86_64.whl", hash = "sha256:081b98395ced0d9bcf60ada7661a0b75f36b78b9d7e39ea0790bb4ed8da14747"},
    {file = "coverage-7.10.6-cp314-cp314-win32.whl", hash = "sha256:6937347c5d7d069ee776b2bf4e1212f912a9f1f141a429c475e6089462fcecc5"},
    {file = "coverage-7.10.6-cp314-cp314-win_amd64.whl", hash = "sha256:adec1d980fa07e60b6ef865f9e5410ba760e4e1d26f60f7e5772c73b9a5b0713"},
    {file = "coverage-7.10.6-cp314-cp314-win_arm64.whl", hash = "sha256:a80f7aef9535442bdcf562e5a0d5a5538ce8abe6bb209cfbf170c462ac2c2a32"},
    {file = "coverage-7.10.6-cp314-cp314t-macosx_10_13_x86_64.whl", hash = "sha256:0de434f4fbbe5af4fa7989521c655c8c779afb61c53ab561b64dcee6149e4c65"},
    {file = "coverage-7.10.6-cp314-cp314t-macosx_11_0_arm64.whl", hash = "sha256:6e31b8155150c57e5ac43ccd289d079eb3f825187d7c66e755a055d2c85794c6"},
    {file = "coverage-7.10.6-cp314-cp314t-manylinux1_i686.manylinux_2_28_i686.manylinux_2_5_i686.whl", hash = "sha256:98cede73eb83c31e2118ae8d379c12e3e42736903a8afcca92a7218e1f2903b0"},
    {file = "coverage-7.10.6-cp314-cp314t-manylinux1_x86_64.manylinux_2_28_x86_64.manylinux_2_5_x86_64.whl", hash = "sha256:f863c08f4ff6b64fa8045b1e3da480f5374779ef187f07b82e0538c68cb4ff8e"},
    {file = "coverage-7.10.6-cp314-cp314t-manylinux2014_aarch64.manylinux_2_17_aarch64.manylinux_2_28_aarch64.whl", hash = "sha256:2b38261034fda87be356f2c3f42221fdb4171c3ce7658066ae449241485390d5"},
    {file = "coverage-7.10.6-cp314-cp314t-musllinux_1_2_aarch64.whl", hash = "sha256:0e93b1476b79eae849dc3872faeb0bf7948fd9ea34869590bc16a2a00b9c82a7"},
    {file = "coverage-7.10.6-cp314-cp314t-musllinux_1_2_i686.whl", hash = "sha256:ff8a991f70f4c0cf53088abf1e3886edcc87d53004c7bb94e78650b4d3dac3b5"},
    {file = "coverage-7.10.6-cp314-cp314t-musllinux_1_2_x86_64.whl", hash = "sha256:ac765b026c9f33044419cbba1da913cfb82cca1b60598ac1c7a5ed6aac4621a0"},
    {file = "coverage-7.10.6-cp314-cp314t-win32.whl", hash = "sha256:441c357d55f4936875636ef2cfb3bee36e466dcf50df9afbd398ce79dba1ebb7"},
    {file = "coverage-7.10.6-cp314-cp314t-win_amd64.whl", hash = "sha256:073711de3181b2e204e4870ac83a7c4853115b42e9cd4d145f2231e12d670930"},
    {file = "coverage-7.10.6-cp314-cp314t-win_arm64.whl", hash = "sha256:137921f2bac5559334ba66122b753db6dc5d1cf01eb7b64eb412bb0d064ef35b"},
    {file = "coverage-7.10.6-cp39-cp39-macosx_10_9_x86_64.whl", hash = "sha256:90558c35af64971d65fbd935c32010f9a2f52776103a259f1dee865fe8259352"},
    {file = "coverage-7.10.6-cp39-cp39-macosx_11_0_arm64.whl", hash = "sha256:8953746d371e5695405806c46d705a3cd170b9cc2b9f93953ad838f6c1e58612"},
    {file = "coverage-7.10.6-cp39-cp39-manylinux1_i686.manylinux_2_28_i686.manylinux_2_5_i686.whl", hash = "sha256:c83f6afb480eae0313114297d29d7c295670a41c11b274e6bca0c64540c1ce7b"},
    {file = "coverage-7.10.6-cp39-cp39-manylinux1_x86_64.manylinux_2_28_x86_64.manylinux_2_5_x86_64.whl", hash = "sha256:7eb68d356ba0cc158ca535ce1381dbf2037fa8cb5b1ae5ddfc302e7317d04144"},
    {file = "coverage-7.10.6-cp39-cp39-manylinux2014_aarch64.manylinux_2_17_aarch64.manylinux_2_28_aarch64.whl", hash = "sha256:5b15a87265e96307482746d86995f4bff282f14b027db75469c446da6127433b"},
    {file = "coverage-7.10.6-cp39-cp39-musllinux_1_2_aarch64.whl", hash = "sha256:fc53ba868875bfbb66ee447d64d6413c2db91fddcfca57025a0e7ab5b07d5862"},
    {file = "coverage-7.10.6-cp39-cp39-musllinux_1_2_i686.whl", hash = "sha256:efeda443000aa23f276f4df973cb82beca682fd800bb119d19e80504ffe53ec2"},
    {file = "coverage-7.10.6-cp39-cp39-musllinux_1_2_x86_64.whl", hash = "sha256:9702b59d582ff1e184945d8b501ffdd08d2cee38d93a2206aa5f1365ce0b8d78"},
    {file = "coverage-7.10.6-cp39-cp39-win32.whl", hash = "sha256:2195f8e16ba1a44651ca684db2ea2b2d4b5345da12f07d9c22a395202a05b23c"},
    {file = "coverage-7.10.6-cp39-cp39-win_amd64.whl", hash = "sha256:f32ff80e7ef6a5b5b606ea69a36e97b219cd9dc799bcf2963018a4d8f788cfbf"},
    {file = "coverage-7.10.6-py3-none-any.whl", hash = "sha256:92c4ecf6bf11b2e85fd4d8204814dc26e6a19f0c9d938c207c5cb0eadfcabbe3"},
    {file = "coverage-7.10.6.tar.gz", hash = "sha256:f644a3ae5933a552a29dbb9aa2f90c677a875f80ebea028e5a52a4f429044b90"},
]

[package.extras]
toml = ["tomli ; python_full_version <= \"3.11.0a6\""]

[[package]]
name = "greenlet"
version = "3.2.4"
description = "Lightweight in-process concurrent programming"
optional = false
python-versions = ">=3.9"
groups = ["main"]
markers = "python_version == \"3.13\" and (platform_machine == \"aarch64\" or platform_machine == \"ppc64le\" or platform_machine == \"x86_64\" or platform_machine == \"amd64\" or platform_machine == \"AMD64\" or platform_machine == \"win32\" or platform_machine == \"WIN32\")"
files = [
    {file = "greenlet-3.2.4-cp310-cp310-macosx_11_0_universal2.whl", hash = "sha256:8c68325b0d0acf8d91dde4e6f930967dd52a5302cd4062932a6b2e7c2969f47c"},
    {file = "greenlet-3.2.4-cp310-cp310-manylinux2014_aarch64.manylinux_2_17_aarch64.whl", hash = "sha256:94385f101946790ae13da500603491f04a76b6e4c059dab271b3ce2e283b2590"},
    {file = "greenlet-3.2.4-cp310-cp310-manylinux2014_ppc64le.manylinux_2_17_ppc64le.whl", hash = "sha256:f10fd42b5ee276335863712fa3da6608e93f70629c631bf77145021600abc23c"},
    {file = "greenlet-3.2.4-cp310-cp310-manylinux2014_s390x.manylinux_2_17_s390x.whl", hash = "sha256:c8c9e331e58180d0d83c5b7999255721b725913ff6bc6cf39fa2a45841a4fd4b"},
    {file = "greenlet-3.2.4-cp310-cp310-manylinux2014_x86_64.manylinux_2_17_x86_64.whl", hash = "sha256:58b97143c9cc7b86fc458f215bd0932f1757ce649e05b640fea2e79b54cedb31"},
    {file = "greenlet-3.2.4-cp310-cp310-manylinux_2_24_x86_64.manylinux_2_28_x86_64.whl", hash = "sha256:c2ca18a03a8cfb5b25bc1cbe20f3d9a4c80d8c3b13ba3df49ac3961af0b1018d"},
    {file = "greenlet-3.2.4-cp310-cp310-musllinux_1_1_aarch64.whl", hash = "sha256:9fe0a28a7b952a21e2c062cd5756d34354117796c6d9215a87f55e38d15402c5"},
    {file = "greenlet-3.2.4-cp310-cp310-musllinux_1_1_x86_64.whl", hash = "sha256:8854167e06950ca75b898b104b63cc646573aa5fef1353d4508ecdd1ee76254f"},
    {file = "greenlet-3.2.4-cp310-cp310-win_amd64.whl", hash = "sha256:73f49b5368b5359d04e18d15828eecc1806033db5233397748f4ca813ff1056c"},
    {file = "greenlet-3.2.4-cp311-cp311-macosx_11_0_universal2.whl", hash = "sha256:96378df1de302bc38e99c3a9aa311967b7dc80ced1dcc6f171e99842987882a2"},
    {file = "greenlet-3.2.4-cp311-cp311-manylinux2014_aarch64.manylinux_2_17_aarch64.whl", hash = "sha256:1ee8fae0519a337f2329cb78bd7a8e128ec0f881073d43f023c7b8d4831d5246"},
    {file = "greenlet-3.2.4-cp311-cp311-manylinux2014_ppc64le.manylinux_2_17_ppc64le.whl", hash = "sha256:94abf90142c2a18151632371140b3dba4dee031633fe614cb592dbb6c9e17bc3"},
    {file = "greenlet-3.2.4-cp311-cp311-manylinux2014_s390x.manylinux_2_17_s390x.whl", hash = "sha256:4d1378601b85e2e5171b99be8d2dc85f594c79967599328f95c1dc1a40f1c633"},
    {file = "greenlet-3.2.4-cp311-cp311-manylinux2014_x86_64.manylinux_2_17_x86_64.whl", hash = "sha256:0db5594dce18db94f7d1650d7489909b57afde4c580806b8d9203b6e79cdc079"},
    {file = "greenlet-3.2.4-cp311-cp311-manylinux_2_24_x86_64.manylinux_2_28_x86_64.whl", hash = "sha256:2523e5246274f54fdadbce8494458a2ebdcdbc7b802318466ac5606d3cded1f8"},
    {file = "greenlet-3.2.4-cp311-cp311-musllinux_1_1_aarch64.whl", hash = "sha256:1987de92fec508535687fb807a5cea1560f6196285a4cde35c100b8cd632cc52"},
    {file = "greenlet-3.2.4-cp311-cp311-musllinux_1_1_x86_64.whl", hash = "sha256:55e9c5affaa6775e2c6b67659f3a71684de4c549b3dd9afca3bc773533d284fa"},
    {file = "greenlet-3.2.4-cp311-cp311-win_amd64.whl", hash = "sha256:9c40adce87eaa9ddb593ccb0fa6a07caf34015a29bf8d344811665b573138db9"},
    {file = "greenlet-3.2.4-cp312-cp312-macosx_11_0_universal2.whl", hash = "sha256:3b67ca49f54cede0186854a008109d6ee71f66bd57bb36abd6d0a0267b540cdd"},
    {file = "greenlet-3.2.4-cp312-cp312-manylinux2014_aarch64.manylinux_2_17_aarch64.whl", hash = "sha256:ddf9164e7a5b08e9d22511526865780a576f19ddd00d62f8a665949327fde8bb"},
    {file = "greenlet-3.2.4-cp312-cp312-manylinux2014_ppc64le.manylinux_2_17_ppc64le.whl", hash = "sha256:f28588772bb5fb869a8eb331374ec06f24a83a9c25bfa1f38b6993afe9c1e968"},
    {file = "greenlet-3.2.4-cp312-cp312-manylinux2014_s390x.manylinux_2_17_s390x.whl", hash = "sha256:5c9320971821a7cb77cfab8d956fa8e39cd07ca44b6070db358ceb7f8797c8c9"},
    {file = "greenlet-3.2.4-cp312-cp312-manylinux2014_x86_64.manylinux_2_17_x86_64.whl", hash = "sha256:c60a6d84229b271d44b70fb6e5fa23781abb5d742af7b808ae3f6efd7c9c60f6"},
    {file = "greenlet-3.2.4-cp312-cp312-manylinux_2_24_x86_64.manylinux_2_28_x86_64.whl", hash = "sha256:3b3812d8d0c9579967815af437d96623f45c0f2ae5f04e366de62a12d83a8fb0"},
    {file = "greenlet-3.2.4-cp312-cp312-musllinux_1_1_aarch64.whl", hash = "sha256:abbf57b5a870d30c4675928c37278493044d7c14378350b3aa5d484fa65575f0"},
    {file = "greenlet-3.2.4-cp312-cp312-musllinux_1_1_x86_64.whl", hash = "sha256:20fb936b4652b6e307b8f347665e2c615540d4b42b3b4c8a321d8286da7e520f"},
    {file = "greenlet-3.2.4-cp312-cp312-win_amd64.whl", hash = "sha256:a7d4e128405eea3814a12cc2605e0e6aedb4035bf32697f72deca74de4105e02"},
    {file = "greenlet-3.2.4-cp313-cp313-macosx_11_0_universal2.whl", hash = "sha256:1a921e542453fe531144e91e1feedf12e07351b1cf6c9e8a3325ea600a715a31"},
    {file = "greenlet-3.2.4-cp313-cp313-manylinux2014_aarch64.manylinux_2_17_aarch64.whl", hash = "sha256:cd3c8e693bff0fff6ba55f140bf390fa92c994083f838fece0f63be121334945"},
    {file = "greenlet-3.2.4-cp313-cp313-manylinux2014_ppc64le.manylinux_2_17_ppc64le.whl", hash = "sha256:710638eb93b1fa52823aa91bf75326f9ecdfd5e0466f00789246a5280f4ba0fc"},
    {file = "greenlet-3.2.4-cp313-cp313-manylinux2014_s390x.manylinux_2_17_s390x.whl", hash = "sha256:c5111ccdc9c88f423426df3fd1811bfc40ed66264d35aa373420a34377efc98a"},
    {file = "greenlet-3.2.4-cp313-cp313-manylinux2014_x86_64.manylinux_2_17_x86_64.whl", hash = "sha256:d76383238584e9711e20ebe14db6c88ddcedc1829a9ad31a584389463b5aa504"},
    {file = "greenlet-3.2.4-cp313-cp313-manylinux_2_24_x86_64.manylinux_2_28_x86_64.whl", hash = "sha256:23768528f2911bcd7e475210822ffb5254ed10d71f4028387e5a99b4c6699671"},
    {file = "greenlet-3.2.4-cp313-cp313-musllinux_1_1_aarch64.whl", hash = "sha256:00fadb3fedccc447f517ee0d3fd8fe49eae949e1cd0f6a611818f4f6fb7dc83b"},
    {file = "greenlet-3.2.4-cp313-cp313-musllinux_1_1_x86_64.whl", hash = "sha256:d25c5091190f2dc0eaa3f950252122edbbadbb682aa7b1ef2f8af0f8c0afefae"},
    {file = "greenlet-3.2.4-cp313-cp313-win_amd64.whl", hash = "sha256:554b03b6e73aaabec3745364d6239e9e012d64c68ccd0b8430c64ccc14939a8b"},
    {file = "greenlet-3.2.4-cp314-cp314-macosx_11_0_universal2.whl", hash = "sha256:49a30d5fda2507ae77be16479bdb62a660fa51b1eb4928b524975b3bde77b3c0"},
    {file = "greenlet-3.2.4-cp314-cp314-manylinux2014_aarch64.manylinux_2_17_aarch64.whl", hash = "sha256:299fd615cd8fc86267b47597123e3f43ad79c9d8a22bebdce535e53550763e2f"},
    {file = "greenlet-3.2.4-cp314-cp314-manylinux2014_ppc64le.manylinux_2_17_ppc64le.whl", hash = "sha256:c17b6b34111ea72fc5a4e4beec9711d2226285f0386ea83477cbb97c30a3f3a5"},
    {file = "greenlet-3.2.4-cp314-cp314-manylinux2014_s390x.manylinux_2_17_s390x.whl", hash = "sha256:b4a1870c51720687af7fa3e7cda6d08d801dae660f75a76f3845b642b4da6ee1"},
    {file = "greenlet-3.2.4-cp314-cp314-manylinux2014_x86_64.manylinux_2_17_x86_64.whl", hash = "sha256:061dc4cf2c34852b052a8620d40f36324554bc192be474b9e9770e8c042fd735"},
    {file = "greenlet-3.2.4-cp314-cp314-manylinux_2_24_x86_64.manylinux_2_28_x86_64.whl", hash = "sha256:44358b9bf66c8576a9f57a590d5f5d6e72fa4228b763d0e43fee6d3b06d3a337"},
    {file = "greenlet-3.2.4-cp314-cp314-win_amd64.whl", hash = "sha256:e37ab26028f12dbb0ff65f29a8d3d44a765c61e729647bf2ddfbbed621726f01"},
    {file = "greenlet-3.2.4-cp39-cp39-macosx_11_0_universal2.whl", hash = "sha256:b6a7c19cf0d2742d0809a4c05975db036fdff50cd294a93632d6a310bf9ac02c"},
    {file = "greenlet-3.2.4-cp39-cp39-manylinux2014_aarch64.manylinux_2_17_aarch64.whl", hash = "sha256:27890167f55d2387576d1f41d9487ef171849ea0359ce1510ca6e06c8bece11d"},
    {file = "greenlet-3.2.4-cp39-cp39-manylinux2014_ppc64le.manylinux_2_17_ppc64le.whl", hash = "sha256:18d9260df2b5fbf41ae5139e1be4e796d99655f023a636cd0e11e6406cca7d58"},
    {file = "greenlet-3.2.4-cp39-cp39-manylinux2014_s390x.manylinux_2_17_s390x.whl", hash = "sha256:671df96c1f23c4a0d4077a325483c1503c96a1b7d9db26592ae770daa41233d4"},
    {file = "greenlet-3.2.4-cp39-cp39-manylinux2014_x86_64.manylinux_2_17_x86_64.whl", hash = "sha256:16458c245a38991aa19676900d48bd1a6f2ce3e16595051a4db9d012154e8433"},
    {file = "greenlet-3.2.4-cp39-cp39-manylinux_2_24_x86_64.manylinux_2_28_x86_64.whl", hash = "sha256:c9913f1a30e4526f432991f89ae263459b1c64d1608c0d22a5c79c287b3c70df"},
    {file = "greenlet-3.2.4-cp39-cp39-musllinux_1_1_aarch64.whl", hash = "sha256:b90654e092f928f110e0007f572007c9727b5265f7632c2fa7415b4689351594"},
    {file = "greenlet-3.2.4-cp39-cp39-musllinux_1_1_x86_64.whl", hash = "sha256:81701fd84f26330f0d5f4944d4e92e61afe6319dcd9775e39396e39d7c3e5f98"},
    {file = "greenlet-3.2.4-cp39-cp39-win32.whl", hash = "sha256:65458b409c1ed459ea899e939f0e1cdb14f58dbc803f2f93c5eab5694d32671b"},
    {file = "greenlet-3.2.4-cp39-cp39-win_amd64.whl", hash = "sha256:d2e685ade4dafd447ede19c31277a224a239a0a1a4eca4e6390efedf20260cfb"},
    {file = "greenlet-3.2.4.tar.gz", hash = "sha256:0dca0d95ff849f9a364385f36ab49f50065d76964944638be9691e1832e9f86d"},
]

[package.extras]
docs = ["Sphinx", "furo"]
test = ["objgraph", "psutil", "setuptools"]

[[package]]
name = "iniconfig"
version = "2.1.0"
description = "brain-dead simple config-ini parsing"
optional = false
python-versions = ">=3.8"
groups = ["dev"]
files = [
    {file = "iniconfig-2.1.0-py3-none-any.whl", hash = "sha256:9deba5723312380e77435581c6bf4935c94cbfab9b1ed33ef8d238ea168eb760"},
    {file = "iniconfig-2.1.0.tar.gz", hash = "sha256:3abbd2e30b36733fee78f9c7f7308f2d0050e88f0087fd25c2645f63c773e1c7"},
]

[[package]]
name = "mypy"
version = "1.17.1"
description = "Optional static typing for Python"
optional = false
python-versions = ">=3.9"
groups = ["dev"]
files = [
    {file = "mypy-1.17.1-cp310-cp310-macosx_10_9_x86_64.whl", hash = "sha256:3fbe6d5555bf608c47203baa3e72dbc6ec9965b3d7c318aa9a4ca76f465bd972"},
    {file = "mypy-1.17.1-cp310-cp310-macosx_11_0_arm64.whl", hash = "sha256:80ef5c058b7bce08c83cac668158cb7edea692e458d21098c7d3bce35a5d43e7"},
    {file = "mypy-1.17.1-cp310-cp310-manylinux2014_aarch64.manylinux_2_17_aarch64.manylinux_2_28_aarch64.whl", hash = "sha256:c4a580f8a70c69e4a75587bd925d298434057fe2a428faaf927ffe6e4b9a98df"},
    {file = "mypy-1.17.1-cp310-cp310-manylinux2014_x86_64.manylinux_2_17_x86_64.manylinux_2_28_x86_64.whl", hash = "sha256:dd86bb649299f09d987a2eebb4d52d10603224500792e1bee18303bbcc1ce390"},
    {file = "mypy-1.17.1-cp310-cp310-musllinux_1_2_x86_64.whl", hash = "sha256:a76906f26bd8d51ea9504966a9c25419f2e668f012e0bdf3da4ea1526c534d94"},
    {file = "mypy-1.17.1-cp310-cp310-win_amd64.whl", hash = "sha256:e79311f2d904ccb59787477b7bd5d26f3347789c06fcd7656fa500875290264b"},
    {file = "mypy-1.17.1-cp311-cp311-macosx_10_9_x86_64.whl", hash = "sha256:ad37544be07c5d7fba814eb370e006df58fed8ad1ef33ed1649cb1889ba6ff58"},
    {file = "mypy-1.17.1-cp311-cp311-macosx_11_0_arm64.whl", hash = "sha256:064e2ff508e5464b4bd807a7c1625bc5047c5022b85c70f030680e18f37273a5"},
    {file = "mypy-1.17.1-cp311-cp311-manylinux2014_aarch64.manylinux_2_17_aarch64.manylinux_2_28_aarch64.whl", hash = "sha256:70401bbabd2fa1aa7c43bb358f54037baf0586f41e83b0ae67dd0534fc64edfd"},
    {file = "mypy-1.17.1-cp311-cp311-manylinux2014_x86_64.manylinux_2_17_x86_64.manylinux_2_28_x86_64.whl", hash = "sha256:e92bdc656b7757c438660f775f872a669b8ff374edc4d18277d86b63edba6b8b"},
    {file = "mypy-1.17.1-cp311-cp311-musllinux_1_2_x86_64.whl", hash = "sha256:c1fdf4abb29ed1cb091cf432979e162c208a5ac676ce35010373ff29247bcad5"},
    {file = "mypy-1.17.1-cp311-cp311-win_amd64.whl", hash = "sha256:ff2933428516ab63f961644bc49bc4cbe42bbffb2cd3b71cc7277c07d16b1a8b"},
    {file = "mypy-1.17.1-cp312-cp312-macosx_10_13_x86_64.whl", hash = "sha256:69e83ea6553a3ba79c08c6e15dbd9bfa912ec1e493bf75489ef93beb65209aeb"},
    {file = "mypy-1.17.1-cp312-cp312-macosx_11_0_arm64.whl", hash = "sha256:1b16708a66d38abb1e6b5702f5c2c87e133289da36f6a1d15f6a5221085c6403"},
    {file = "mypy-1.17.1-cp312-cp312-manylinux2014_aarch64.manylinux_2_17_aarch64.manylinux_2_28_aarch64.whl", hash = "sha256:89e972c0035e9e05823907ad5398c5a73b9f47a002b22359b177d40bdaee7056"},
    {file = "mypy-1.17.1-cp312-cp312-manylinux2014_x86_64.manylinux_2_17_x86_64.manylinux_2_28_x86_64.whl", hash = "sha256:03b6d0ed2b188e35ee6d5c36b5580cffd6da23319991c49ab5556c023ccf1341"},
    {file = "mypy-1.17.1-cp312-cp312-musllinux_1_2_x86_64.whl", hash = "sha256:c837b896b37cd103570d776bda106eabb8737aa6dd4f248451aecf53030cdbeb"},
    {file = "mypy-1.17.1-cp312-cp312-win_amd64.whl", hash = "sha256:665afab0963a4b39dff7c1fa563cc8b11ecff7910206db4b2e64dd1ba25aed19"},
    {file = "mypy-1.17.1-cp313-cp313-macosx_10_13_x86_64.whl", hash = "sha256:93378d3203a5c0800c6b6d850ad2f19f7a3cdf1a3701d3416dbf128805c6a6a7"},
    {file = "mypy-1.17.1-cp313-cp313-macosx_11_0_arm64.whl", hash = "sha256:15d54056f7fe7a826d897789f53dd6377ec2ea8ba6f776dc83c2902b899fee81"},
    {file = "mypy-1.17.1-cp313-cp313-manylinux2014_aarch64.manylinux_2_17_aarch64.manylinux_2_28_aarch64.whl", hash = "sha256:209a58fed9987eccc20f2ca94afe7257a8f46eb5df1fb69958650973230f91e6"},
    {file = "mypy-1.17.1-cp313-cp313-manylinux2014_x86_64.manylinux_2_17_x86_64.manylinux_2_28_x86_64.whl", hash = "sha256:099b9a5da47de9e2cb5165e581f158e854d9e19d2e96b6698c0d64de911dd849"},
    {file = "mypy-1.17.1-cp313-cp313-musllinux_1_2_x86_64.whl", hash = "sha256:fa6ffadfbe6994d724c5a1bb6123a7d27dd68fc9c059561cd33b664a79578e14"},
    {file = "mypy-1.17.1-cp313-cp313-win_amd64.whl", hash = "sha256:9a2b7d9180aed171f033c9f2fc6c204c1245cf60b0cb61cf2e7acc24eea78e0a"},
    {file = "mypy-1.17.1-cp314-cp314-macosx_10_13_x86_64.whl", hash = "sha256:15a83369400454c41ed3a118e0cc58bd8123921a602f385cb6d6ea5df050c733"},
    {file = "mypy-1.17.1-cp314-cp314-macosx_11_0_arm64.whl", hash = "sha256:55b918670f692fc9fba55c3298d8a3beae295c5cded0a55dccdc5bbead814acd"},
    {file = "mypy-1.17.1-cp314-cp314-manylinux2014_aarch64.manylinux_2_17_aarch64.manylinux_2_28_aarch64.whl", hash = "sha256:62761474061feef6f720149d7ba876122007ddc64adff5ba6f374fda35a018a0"},
    {file = "mypy-1.17.1-cp314-cp314-manylinux2014_x86_64.manylinux_2_17_x86_64.manylinux_2_28_x86_64.whl", hash = "sha256:c49562d3d908fd49ed0938e5423daed8d407774a479b595b143a3d7f87cdae6a"},
    {file = "mypy-1.17.1-cp314-cp314-musllinux_1_2_x86_64.whl", hash = "sha256:397fba5d7616a5bc60b45c7ed204717eaddc38f826e3645402c426057ead9a91"},
    {file = "mypy-1.17.1-cp314-cp314-win_amd64.whl", hash = "sha256:9d6b20b97d373f41617bd0708fd46aa656059af57f2ef72aa8c7d6a2b73b74ed"},
    {file = "mypy-1.17.1-cp39-cp39-macosx_10_9_x86_64.whl", hash = "sha256:5d1092694f166a7e56c805caaf794e0585cabdbf1df36911c414e4e9abb62ae9"},
    {file = "mypy-1.17.1-cp39-cp39-macosx_11_0_arm64.whl", hash = "sha256:79d44f9bfb004941ebb0abe8eff6504223a9c1ac51ef967d1263c6572bbebc99"},
    {file = "mypy-1.17.1-cp39-cp39-manylinux2014_aarch64.manylinux_2_17_aarch64.manylinux_2_28_aarch64.whl", hash = "sha256:b01586eed696ec905e61bd2568f48740f7ac4a45b3a468e6423a03d3788a51a8"},
    {file = "mypy-1.17.1-cp39-cp39-manylinux2014_x86_64.manylinux_2_17_x86_64.manylinux_2_28_x86_64.whl", hash = "sha256:43808d9476c36b927fbcd0b0255ce75efe1b68a080154a38ae68a7e62de8f0f8"},
    {file = "mypy-1.17.1-cp39-cp39-musllinux_1_2_x86_64.whl", hash = "sha256:feb8cc32d319edd5859da2cc084493b3e2ce5e49a946377663cc90f6c15fb259"},
    {file = "mypy-1.17.1-cp39-cp39-win_amd64.whl", hash = "sha256:d7598cf74c3e16539d4e2f0b8d8c318e00041553d83d4861f87c7a72e95ac24d"},
    {file = "mypy-1.17.1-py3-none-any.whl", hash = "sha256:a9f52c0351c21fe24c21d8c0eb1f62967b262d6729393397b6f443c3b773c3b9"},
    {file = "mypy-1.17.1.tar.gz", hash = "sha256:25e01ec741ab5bb3eec8ba9cdb0f769230368a22c959c4937360efb89b7e9f01"},
]

[package.dependencies]
mypy_extensions = ">=1.0.0"
pathspec = ">=0.9.0"
typing_extensions = ">=4.6.0"

[package.extras]
dmypy = ["psutil (>=4.0)"]
faster-cache = ["orjson"]
install-types = ["pip"]
mypyc = ["setuptools (>=50)"]
reports = ["lxml"]

[[package]]
name = "mypy-extensions"
version = "1.1.0"
description = "Type system extensions for programs checked with the mypy type checker."
optional = false
python-versions = ">=3.8"
groups = ["dev"]
files = [
    {file = "mypy_extensions-1.1.0-py3-none-any.whl", hash = "sha256:1be4cccdb0f2482337c4743e60421de3a356cd97508abadd57d47403e94f5505"},
    {file = "mypy_extensions-1.1.0.tar.gz", hash = "sha256:52e68efc3284861e772bbcd66823fde5ae21fd2fdb51c62a211403730b916558"},
]

[[package]]
name = "packaging"
version = "25.0"
description = "Core utilities for Python packages"
optional = false
python-versions = ">=3.8"
groups = ["dev"]
files = [
    {file = "packaging-25.0-py3-none-any.whl", hash = "sha256:29572ef2b1f17581046b3a2227d5c611fb25ec70ca1ba8554b24b0e69331a484"},
    {file = "packaging-25.0.tar.gz", hash = "sha256:d443872c98d677bf60f6a1f2f8c1cb748e8fe762d2bf9d3148b5599295b0fc4f"},
]

[[package]]
name = "pathspec"
version = "0.12.1"
description = "Utility library for gitignore style pattern matching of file paths."
optional = false
python-versions = ">=3.8"
groups = ["dev"]
files = [
    {file = "pathspec-0.12.1-py3-none-any.whl", hash = "sha256:a0d503e138a4c123b27490a4f7beda6a01c6f288df0e4a8b79c7eb0dc7b4cc08"},
    {file = "pathspec-0.12.1.tar.gz", hash = "sha256:a482d51503a1ab33b1c67a6c3813a26953dbdc71c31dacaef9a838c4e29f5712"},
]

[[package]]
name = "plainera-testkit"
version = "0.1.0"
description = ""
optional = false
python-versions = "^3.13"
groups = ["dev"]
files = []
develop = true

[package.source]
type = "directory"
url = "../plainera_testkit"

[[package]]
name = "pluggy"
version = "1.6.0"
description = "plugin and hook calling mechanisms for python"
optional = false
python-versions = ">=3.9"
groups = ["dev"]
files = [
    {file = "pluggy-1.6.0-py3-none-any.whl", hash = "sha256:e920276dd6813095e9377c0bc5566d94c932c33b27a3e3945d8389c374dd4746"},
    {file = "pluggy-1.6.0.tar.gz", hash = "sha256:7dcc130b76258d33b90f61b658791dede3486c3e6bfb003ee5c9bfb396dd22f3"},
]

[package.extras]
dev = ["pre-commit", "tox"]
testing = ["coverage", "pytest", "pytest-benchmark"]

[[package]]
name = "pygments"
version = "2.19.2"
description = "Pygments is a syntax highlighting package written in Python."
optional = false
python-versions = ">=3.8"
groups = ["dev"]
files = [
    {file = "pygments-2.19.2-py3-none-any.whl", hash = "sha256:86540386c03d588bb81d44bc3928634ff26449851e99741617ecb9037ee5ec0b"},
    {file = "pygments-2.19.2.tar.gz", hash = "sha256:636cb2477cec7f8952536970bc533bc43743542f70392ae026374600add5b887"},
]

[package.extras]
windows-terminal = ["colorama (>=0.4.6)"]

[[package]]
name = "pytest"
version = "8.4.1"
description = "pytest: simple powerful testing with Python"
optional = false
python-versions = ">=3.9"
groups = ["dev"]
files = [
    {file = "pytest-8.4.1-py3-none-any.whl", hash = "sha256:539c70ba6fcead8e78eebbf1115e8b589e7565830d7d006a8723f19ac8a0afb7"},
    {file = "pytest-8.4.1.tar.gz", hash = "sha256:7c67fd69174877359ed9371ec3af8a3d2b04741818c51e5e99cc1742251fa93c"},
]

[package.dependencies]
colorama = {version = ">=0.4", markers = "sys_platform == \"win32\""}
iniconfig = ">=1"
packaging = ">=20"
pluggy = ">=1.5,<2"
pygments = ">=2.7.2"

[package.extras]
dev = ["argcomplete", "attrs (>=19.2)", "hypothesis (>=3.56)", "mock", "requests", "setuptools", "xmlschema"]

[[package]]
name = "pytest-asyncio"
version = "1.1.0"
description = "Pytest support for asyncio"
optional = false
python-versions = ">=3.9"
groups = ["dev"]
files = [
    {file = "pytest_asyncio-1.1.0-py3-none-any.whl", hash = "sha256:5fe2d69607b0bd75c656d1211f969cadba035030156745ee09e7d71740e58ecf"},
    {file = "pytest_asyncio-1.1.0.tar.gz", hash = "sha256:796aa822981e01b68c12e4827b8697108f7205020f24b5793b3c41555dab68ea"},
]

[package.dependencies]
pytest = ">=8.2,<9"

[package.extras]
docs = ["sphinx (>=5.3)", "sphinx-rtd-theme (>=1)"]
testing = ["coverage (>=6.2)", "hypothesis (>=5.7.1)"]

[[package]]
name = "pytest-cov"
version = "6.2.1"
description = "Pytest plugin for measuring coverage."
optional = false
python-versions = ">=3.9"
groups = ["dev"]
files = [
    {file = "pytest_cov-6.2.1-py3-none-any.whl", hash = "sha256:f5bc4c23f42f1cdd23c70b1dab1bbaef4fc505ba950d53e0081d0730dd7e86d5"},
    {file = "pytest_cov-6.2.1.tar.gz", hash = "sha256:25cc6cc0a5358204b8108ecedc51a9b57b34cc6b8c967cc2c01a4e00d8a67da2"},
]

[package.dependencies]
coverage = {version = ">=7.5", extras = ["toml"]}
pluggy = ">=1.2"
pytest = ">=6.2.5"

[package.extras]
testing = ["fields", "hunter", "process-tests", "pytest-xdist", "virtualenv"]

[[package]]
name = "python-dotenv"
version = "1.1.1"
description = "Read key-value pairs from a .env file and set them as environment variables"
optional = false
python-versions = ">=3.9"
groups = ["main"]
files = [
    {file = "python_dotenv-1.1.1-py3-none-any.whl", hash = "sha256:31f23644fe2602f88ff55e1f5c79ba497e01224ee7737937930c448e4d0e24dc"},
    {file = "python_dotenv-1.1.1.tar.gz", hash = "sha256:a8a6399716257f45be6a007360200409fce5cda2661e3dec71d23dc15f6189ab"},
]

[package.extras]
cli = ["click (>=5.0)"]

[[package]]
name = "ruff"
version = "0.5.7"
description = "An extremely fast Python linter and code formatter, written in Rust."
optional = false
python-versions = ">=3.7"
groups = ["dev"]
files = [
    {file = "ruff-0.5.7-py3-none-linux_armv6l.whl", hash = "sha256:548992d342fc404ee2e15a242cdbea4f8e39a52f2e7752d0e4cbe88d2d2f416a"},
    {file = "ruff-0.5.7-py3-none-macosx_10_12_x86_64.whl", hash = "sha256:00cc8872331055ee017c4f1071a8a31ca0809ccc0657da1d154a1d2abac5c0be"},
    {file = "ruff-0.5.7-py3-none-macosx_11_0_arm64.whl", hash = "sha256:eaf3d86a1fdac1aec8a3417a63587d93f906c678bb9ed0b796da7b59c1114a1e"},
    {file = "ruff-0.5.7-py3-none-manylinux_2_17_aarch64.manylinux2014_aarch64.whl", hash = "sha256:a01c34400097b06cf8a6e61b35d6d456d5bd1ae6961542de18ec81eaf33b4cb8"},
    {file = "ruff-0.5.7-py3-none-manylinux_2_17_armv7l.manylinux2014_armv7l.whl", hash = "sha256:fcc8054f1a717e2213500edaddcf1dbb0abad40d98e1bd9d0ad364f75c763eea"},
    {file = "ruff-0.5.7-py3-none-manylinux_2_17_i686.manylinux2014_i686.whl", hash = "sha256:7f70284e73f36558ef51602254451e50dd6cc479f8b6f8413a95fcb5db4a55fc"},
    {file = "ruff-0.5.7-py3-none-manylinux_2_17_ppc64.manylinux2014_ppc64.whl", hash = "sha256:a78ad870ae3c460394fc95437d43deb5c04b5c29297815a2a1de028903f19692"},
    {file = "ruff-0.5.7-py3-none-manylinux_2_17_ppc64le.manylinux2014_ppc64le.whl", hash = "sha256:9ccd078c66a8e419475174bfe60a69adb36ce04f8d4e91b006f1329d5cd44bcf"},
    {file = "ruff-0.5.7-py3-none-manylinux_2_17_s390x.manylinux2014_s390x.whl", hash = "sha256:7e31c9bad4ebf8fdb77b59cae75814440731060a09a0e0077d559a556453acbb"},
    {file = "ruff-0.5.7-py3-none-manylinux_2_17_x86_64.manylinux2014_x86_64.whl", hash = "sha256:8d796327eed8e168164346b769dd9a27a70e0298d667b4ecee6877ce8095ec8e"},
    {file = "ruff-0.5.7-py3-none-musllinux_1_2_aarch64.whl", hash = "sha256:4a09ea2c3f7778cc635e7f6edf57d566a8ee8f485f3c4454db7771efb692c499"},
    {file = "ruff-0.5.7-py3-none-musllinux_1_2_armv7l.whl", hash = "sha256:a36d8dcf55b3a3bc353270d544fb170d75d2dff41eba5df57b4e0b67a95bb64e"},
    {file = "ruff-0.5.7-py3-none-musllinux_1_2_i686.whl", hash = "sha256:9369c218f789eefbd1b8d82a8cf25017b523ac47d96b2f531eba73770971c9e5"},
    {file = "ruff-0.5.7-py3-none-musllinux_1_2_x86_64.whl", hash = "sha256:b88ca3db7eb377eb24fb7c82840546fb7acef75af4a74bd36e9ceb37a890257e"},
    {file = "ruff-0.5.7-py3-none-win32.whl", hash = "sha256:33d61fc0e902198a3e55719f4be6b375b28f860b09c281e4bdbf783c0566576a"},
    {file = "ruff-0.5.7-py3-none-win_amd64.whl", hash = "sha256:083bbcbe6fadb93cd86709037acc510f86eed5a314203079df174c40bbbca6b3"},
    {file = "ruff-0.5.7-py3-none-win_arm64.whl", hash = "sha256:2dca26154ff9571995107221d0aeaad0e75a77b5a682d6236cf89a58c70b76f4"},
    {file = "ruff-0.5.7.tar.gz", hash = "sha256:8dfc0a458797f5d9fb622dd0efc52d796f23f0a1493a9527f4e49a550ae9a7e5"},
]

[[package]]
name = "sqlalchemy"
version = "2.0.43"
description = "Database Abstraction Library"
optional = false
python-versions = ">=3.7"
groups = ["main"]
files = [
    {file = "SQLAlchemy-2.0.43-cp37-cp37m-macosx_10_9_x86_64.whl", hash = "sha256:21ba7a08a4253c5825d1db389d4299f64a100ef9800e4624c8bf70d8f136e6ed"},
    {file = "SQLAlchemy-2.0.43-cp37-cp37m-manylinux_2_17_aarch64.manylinux2014_aarch64.whl", hash = "sha256:11b9503fa6f8721bef9b8567730f664c5a5153d25e247aadc69247c4bc605227"},
    {file = "SQLAlchemy-2.0.43-cp37-cp37m-manylinux_2_17_x86_64.manylinux2014_x86_64.whl", hash = "sha256:07097c0a1886c150ef2adba2ff7437e84d40c0f7dcb44a2c2b9c905ccfc6361c"},
    {file = "SQLAlchemy-2.0.43-cp37-cp37m-musllinux_1_2_aarch64.whl", hash = "sha256:cdeff998cb294896a34e5b2f00e383e7c5c4ef3b4bfa375d9104723f15186443"},
    {file = "SQLAlchemy-2.0.43-cp37-cp37m-musllinux_1_2_x86_64.whl", hash = "sha256:bcf0724a62a5670e5718957e05c56ec2d6850267ea859f8ad2481838f889b42c"},
    {file = "SQLAlchemy-2.0.43-cp37-cp37m-win32.whl", hash = "sha256:c697575d0e2b0a5f0433f679bda22f63873821d991e95a90e9e52aae517b2e32"},
    {file = "SQLAlchemy-2.0.43-cp37-cp37m-win_amd64.whl", hash = "sha256:d34c0f6dbefd2e816e8f341d0df7d4763d382e3f452423e752ffd1e213da2512"},
    {file = "sqlalchemy-2.0.43-cp310-cp310-macosx_10_9_x86_64.whl", hash = "sha256:70322986c0c699dca241418fcf18e637a4369e0ec50540a2b907b184c8bca069"},
    {file = "sqlalchemy-2.0.43-cp310-cp310-macosx_11_0_arm64.whl", hash = "sha256:87accdbba88f33efa7b592dc2e8b2a9c2cdbca73db2f9d5c510790428c09c154"},
    {file = "sqlalchemy-2.0.43-cp310-cp310-manylinux_2_17_aarch64.manylinux2014_aarch64.whl", hash = "sha256:c00e7845d2f692ebfc7d5e4ec1a3fd87698e4337d09e58d6749a16aedfdf8612"},
    {file = "sqlalchemy-2.0.43-cp310-cp310-manylinux_2_17_x86_64.manylinux2014_x86_64.whl", hash = "sha256:022e436a1cb39b13756cf93b48ecce7aa95382b9cfacceb80a7d263129dfd019"},
    {file = "sqlalchemy-2.0.43-cp310-cp310-musllinux_1_2_aarch64.whl", hash = "sha256:c5e73ba0d76eefc82ec0219d2301cb33bfe5205ed7a2602523111e2e56ccbd20"},
    {file = "sqlalchemy-2.0.43-cp310-cp310-musllinux_1_2_x86_64.whl", hash = "sha256:9c2e02f06c68092b875d5cbe4824238ab93a7fa35d9c38052c033f7ca45daa18"},
    {file = "sqlalchemy-2.0.43-cp310-cp310-win32.whl", hash = "sha256:e7a903b5b45b0d9fa03ac6a331e1c1d6b7e0ab41c63b6217b3d10357b83c8b00"},
    {file = "sqlalchemy-2.0.43-cp310-cp310-win_amd64.whl", hash = "sha256:4bf0edb24c128b7be0c61cd17eef432e4bef507013292415f3fb7023f02b7d4b"},
    {file = "sqlalchemy-2.0.43-cp311-cp311-macosx_10_9_x86_64.whl", hash = "sha256:52d9b73b8fb3e9da34c2b31e6d99d60f5f99fd8c1225c9dad24aeb74a91e1d29"},
    {file = "sqlalchemy-2.0.43-cp311-cp311-macosx_11_0_arm64.whl", hash = "sha256:f42f23e152e4545157fa367b2435a1ace7571cab016ca26038867eb7df2c3631"},
    {file = "sqlalchemy-2.0.43-cp311-cp311-manylinux_2_17_aarch64.manylinux2014_aarch64.whl", hash = "sha256:4fb1a8c5438e0c5ea51afe9c6564f951525795cf432bed0c028c1cb081276685"},
    {file = "sqlalchemy-2.0.43-cp311-cp311-manylinux_2_17_x86_64.manylinux2014_x86_64.whl", hash = "sha256:db691fa174e8f7036afefe3061bc40ac2b770718be2862bfb03aabae09051aca"},
    {file = "sqlalchemy-2.0.43-cp311-cp311-musllinux_1_2_aarch64.whl", hash = "sha256:fe2b3b4927d0bc03d02ad883f402d5de201dbc8894ac87d2e981e7d87430e60d"},
    {file = "sqlalchemy-2.0.43-cp311-cp311-musllinux_1_2_x86_64.whl", hash = "sha256:4d3d9b904ad4a6b175a2de0738248822f5ac410f52c2fd389ada0b5262d6a1e3"},
    {file = "sqlalchemy-2.0.43-cp311-cp311-win32.whl", hash = "sha256:5cda6b51faff2639296e276591808c1726c4a77929cfaa0f514f30a5f6156921"},
    {file = "sqlalchemy-2.0.43-cp311-cp311-win_amd64.whl", hash = "sha256:c5d1730b25d9a07727d20ad74bc1039bbbb0a6ca24e6769861c1aa5bf2c4c4a8"},
    {file = "sqlalchemy-2.0.43-cp312-cp312-macosx_10_13_x86_64.whl", hash = "sha256:20d81fc2736509d7a2bd33292e489b056cbae543661bb7de7ce9f1c0cd6e7f24"},
    {file = "sqlalchemy-2.0.43-cp312-cp312-macosx_11_0_arm64.whl", hash = "sha256:25b9fc27650ff5a2c9d490c13c14906b918b0de1f8fcbb4c992712d8caf40e83"},
    {file = "sqlalchemy-2.0.43-cp312-cp312-manylinux_2_17_aarch64.manylinux2014_aarch64.whl", hash = "sha256:6772e3ca8a43a65a37c88e2f3e2adfd511b0b1da37ef11ed78dea16aeae85bd9"},
    {file = "sqlalchemy-2.0.43-cp312-cp312-manylinux_2_17_x86_64.manylinux2014_x86_64.whl", hash = "sha256:1a113da919c25f7f641ffbd07fbc9077abd4b3b75097c888ab818f962707eb48"},
    {file = "sqlalchemy-2.0.43-cp312-cp312-musllinux_1_2_aarch64.whl", hash = "sha256:4286a1139f14b7d70141c67a8ae1582fc2b69105f1b09d9573494eb4bb4b2687"},
    {file = "sqlalchemy-2.0.43-cp312-cp312-musllinux_1_2_x86_64.whl", hash = "sha256:529064085be2f4d8a6e5fab12d36ad44f1909a18848fcfbdb59cc6d4bbe48efe"},
    {file = "sqlalchemy-2.0.43-cp312-cp312-win32.whl", hash = "sha256:b535d35dea8bbb8195e7e2b40059e2253acb2b7579b73c1b432a35363694641d"},
    {file = "sqlalchemy-2.0.43-cp312-cp312-win_amd64.whl", hash = "sha256:1c6d85327ca688dbae7e2b06d7d84cfe4f3fffa5b5f9e21bb6ce9d0e1a0e0e0a"},
    {file = "sqlalchemy-2.0.43-cp313-cp313-macosx_10_13_x86_64.whl", hash = "sha256:e7c08f57f75a2bb62d7ee80a89686a5e5669f199235c6d1dac75cd59374091c3"},
    {file = "sqlalchemy-2.0.43-cp313-cp313-macosx_11_0_arm64.whl", hash = "sha256:14111d22c29efad445cd5021a70a8b42f7d9152d8ba7f73304c4d82460946aaa"},
    {file = "sqlalchemy-2.0.43-cp313-cp313-manylinux_2_17_aarch64.manylinux2014_aarch64.whl", hash = "sha256:21b27b56eb2f82653168cefe6cb8e970cdaf4f3a6cb2c5e3c3c1cf3158968ff9"},
    {file = "sqlalchemy-2.0.43-cp313-cp313-manylinux_2_17_x86_64.manylinux2014_x86_64.whl", hash = "sha256:9c5a9da957c56e43d72126a3f5845603da00e0293720b03bde0aacffcf2dc04f"},
    {file = "sqlalchemy-2.0.43-cp313-cp313-musllinux_1_2_aarch64.whl", hash = "sha256:5d79f9fdc9584ec83d1b3c75e9f4595c49017f5594fee1a2217117647225d738"},
    {file = "sqlalchemy-2.0.43-cp313-cp313-musllinux_1_2_x86_64.whl", hash = "sha256:9df7126fd9db49e3a5a3999442cc67e9ee8971f3cb9644250107d7296cb2a164"},
    {file = "sqlalchemy-2.0.43-cp313-cp313-win32.whl", hash = "sha256:7f1ac7828857fcedb0361b48b9ac4821469f7694089d15550bbcf9ab22564a1d"},
    {file = "sqlalchemy-2.0.43-cp313-cp313-win_amd64.whl", hash = "sha256:971ba928fcde01869361f504fcff3b7143b47d30de188b11c6357c0505824197"},
    {file = "sqlalchemy-2.0.43-cp38-cp38-macosx_10_9_x86_64.whl", hash = "sha256:4e6aeb2e0932f32950cf56a8b4813cb15ff792fc0c9b3752eaf067cfe298496a"},
    {file = "sqlalchemy-2.0.43-cp38-cp38-macosx_11_0_arm64.whl", hash = "sha256:61f964a05356f4bca4112e6334ed7c208174511bd56e6b8fc86dad4d024d4185"},
    {file = "sqlalchemy-2.0.43-cp38-cp38-manylinux_2_17_aarch64.manylinux2014_aarch64.whl", hash = "sha256:46293c39252f93ea0910aababa8752ad628bcce3a10d3f260648dd472256983f"},
    {file = "sqlalchemy-2.0.43-cp38-cp38-manylinux_2_17_x86_64.manylinux2014_x86_64.whl", hash = "sha256:136063a68644eca9339d02e6693932116f6a8591ac013b0014479a1de664e40a"},
    {file = "sqlalchemy-2.0.43-cp38-cp38-musllinux_1_2_aarch64.whl", hash = "sha256:6e2bf13d9256398d037fef09fd8bf9b0bf77876e22647d10761d35593b9ac547"},
    {file = "sqlalchemy-2.0.43-cp38-cp38-musllinux_1_2_x86_64.whl", hash = "sha256:44337823462291f17f994d64282a71c51d738fc9ef561bf265f1d0fd9116a782"},
    {file = "sqlalchemy-2.0.43-cp38-cp38-win32.whl", hash = "sha256:13194276e69bb2af56198fef7909d48fd34820de01d9c92711a5fa45497cc7ed"},
    {file = "sqlalchemy-2.0.43-cp38-cp38-win_amd64.whl", hash = "sha256:334f41fa28de9f9be4b78445e68530da3c5fa054c907176460c81494f4ae1f5e"},
    {file = "sqlalchemy-2.0.43-cp39-cp39-macosx_10_9_x86_64.whl", hash = "sha256:ceb5c832cc30663aeaf5e39657712f4c4241ad1f638d487ef7216258f6d41fe7"},
    {file = "sqlalchemy-2.0.43-cp39-cp39-macosx_11_0_arm64.whl", hash = "sha256:11f43c39b4b2ec755573952bbcc58d976779d482f6f832d7f33a8d869ae891bf"},
    {file = "sqlalchemy-2.0.43-cp39-cp39-manylinux_2_17_aarch64.manylinux2014_aarch64.whl", hash = "sha256:413391b2239db55be14fa4223034d7e13325a1812c8396ecd4f2c08696d5ccad"},
    {file = "sqlalchemy-2.0.43-cp39-cp39-manylinux_2_17_x86_64.manylinux2014_x86_64.whl", hash = "sha256:c379e37b08c6c527181a397212346be39319fb64323741d23e46abd97a400d34"},
    {file = "sqlalchemy-2.0.43-cp39-cp39-musllinux_1_2_aarch64.whl", hash = "sha256:03d73ab2a37d9e40dec4984d1813d7878e01dbdc742448d44a7341b7a9f408c7"},
    {file = "sqlalchemy-2.0.43-cp39-cp39-musllinux_1_2_x86_64.whl", hash = "sha256:8cee08f15d9e238ede42e9bbc1d6e7158d0ca4f176e4eab21f88ac819ae3bd7b"},
    {file = "sqlalchemy-2.0.43-cp39-cp39-win32.whl", hash = "sha256:b3edaec7e8b6dc5cd94523c6df4f294014df67097c8217a89929c99975811414"},
    {file = "sqlalchemy-2.0.43-cp39-cp39-win_amd64.whl", hash = "sha256:227119ce0a89e762ecd882dc661e0aa677a690c914e358f0dd8932a2e8b2765b"},
    {file = "sqlalchemy-2.0.43-py3-none-any.whl", hash = "sha256:1681c21dd2ccee222c2fe0bef671d1aef7c504087c9c4e800371cfcc8ac966fc"},
    {file = "sqlalchemy-2.0.43.tar.gz", hash = "sha256:788bfcef6787a7764169cfe9859fe425bf44559619e1d9f56f5bddf2ebf6f417"},
]

[package.dependencies]
greenlet = {version = ">=1", markers = "python_version < \"3.14\" and (platform_machine == \"aarch64\" or platform_machine == \"ppc64le\" or platform_machine == \"x86_64\" or platform_machine == \"amd64\" or platform_machine == \"AMD64\" or platform_machine == \"win32\" or platform_machine == \"WIN32\")"}
typing-extensions = ">=4.6.0"

[package.extras]
aiomysql = ["aiomysql (>=0.2.0)", "greenlet (>=1)"]
aioodbc = ["aioodbc", "greenlet (>=1)"]
aiosqlite = ["aiosqlite", "greenlet (>=1)", "typing_extensions (!=3.10.0.1)"]
asyncio = ["greenlet (>=1)"]
asyncmy = ["asyncmy (>=0.2.3,!=0.2.4,!=0.2.6)", "greenlet (>=1)"]
mariadb-connector = ["mariadb (>=1.0.1,!=1.1.2,!=1.1.5,!=1.1.10)"]
mssql = ["pyodbc"]
mssql-pymssql = ["pymssql"]
mssql-pyodbc = ["pyodbc"]
mypy = ["mypy (>=0.910)"]
mysql = ["mysqlclient (>=1.4.0)"]
mysql-connector = ["mysql-connector-python"]
oracle = ["cx_oracle (>=8)"]
oracle-oracledb = ["oracledb (>=1.0.1)"]
postgresql = ["psycopg2 (>=2.7)"]
postgresql-asyncpg = ["asyncpg", "greenlet (>=1)"]
postgresql-pg8000 = ["pg8000 (>=1.29.1)"]
postgresql-psycopg = ["psycopg (>=3.0.7)"]
postgresql-psycopg2binary = ["psycopg2-binary"]
postgresql-psycopg2cffi = ["psycopg2cffi"]
postgresql-psycopgbinary = ["psycopg[binary] (>=3.0.7)"]
pymysql = ["pymysql"]
sqlcipher = ["sqlcipher3_binary"]

[[package]]
name = "typing-extensions"
version = "4.15.0"
description = "Backported and Experimental Type Hints for Python 3.9+"
optional = false
python-versions = ">=3.9"
groups = ["main", "dev"]
files = [
    {file = "typing_extensions-4.15.0-py3-none-any.whl", hash = "sha256:f0fa19c6845758ab08074a0cfa8b7aecb71c999ca73d62883bc25cc018c4e548"},
    {file = "typing_extensions-4.15.0.tar.gz", hash = "sha256:0cea48d173cc12fa28ecabc3b837ea3cf6f38c6d1136f85cbaaf598984861466"},
]

[metadata]
lock-version = "2.1"
python-versions = "^3.13"
content-hash = "01af80b8aa26f5a0a4a01f946b1b394258a4cc73e448acf969fa7d222e2f14cc"
